
Microsoft Visual Studio Solution File, Format Version 12.00
# Visual Studio 2017
Project("{FAE04EC0-301F-11D3-BF4B-00C04F79EFBC}") = "Flappy Pipe", "Flappy Pipe.csproj", "{267FD967-71D1-0E81-218D-C1D44B63877A}"
EndProject
Global
	GlobalSection(SolutionConfigurationPlatforms) = preSolution
		Debug|Any CPU = Debug|Any CPU
		Release|Any CPU = Release|Any CPU
	EndGlobalSection
	GlobalSection(ProjectConfigurationPlatforms) = postSolution
		{267FD967-71D1-0E81-218D-C1D44B63877A}.Debug|Any CPU.ActiveCfg = Debug|Any CPU
		{267FD967-71D1-0E81-218D-C1D44B63877A}.Debug|Any CPU.Build.0 = Debug|Any CPU
		{267FD967-71D1-0E81-218D-C1D44B63877A}.Release|Any CPU.ActiveCfg = Release|Any CPU
		{267FD967-71D1-0E81-218D-C1D44B63877A}.Release|Any CPU.Build.0 = Release|Any CPU
	EndGlobalSection
	GlobalSection(SolutionProperties) = preSolution
		HideSolutionNode = FALSE
	EndGlobalSection
EndGlobal
